
Microsoft Visual Studio Solution File, Format Version 12.00
# Visual Studio Version 17
VisualStudioVersion = 17.0.32112.339
MinimumVisualStudioVersion = 10.0.40219.1
Project("{FAE04EC0-301F-11D3-BF4B-00C04F79EFBC}") = "ProjectName", "ProjectName.csproj", "{D1D7F77D-EC13-4C9D-B2D9-442FC9EFC39B}"
EndProject
Global
	GlobalSection(SolutionConfigurationPlatforms) = preSolution
		Debug|Any CPU = Debug|Any CPU
		Release|Any CPU = Release|Any CPU
	EndGlobalSection
	GlobalSection(ProjectConfigurationPlatforms) = postSolution
		{D1D7F77D-EC13-4C9D-B2D9-442FC9EFC39B}.Debug|Any CPU.ActiveCfg = Debug|Any CPU
		{D1D7F77D-EC13-4C9D-B2D9-442FC9EFC39B}.Debug|Any CPU.Build.0 = Debug|Any CPU
		{D1D7F77D-EC13-4C9D-B2D9-442FC9EFC39B}.Release|Any CPU.ActiveCfg = Release|Any CPU
		{D1D7F77D-EC13-4C9D-B2D9-442FC9EFC39B}.Release|Any CPU.Build.0 = Release|Any CPU
	EndGlobalSection
	GlobalSection(SolutionProperties) = preSolution
		HideSolutionNode = FALSE
	EndGlobalSection
	GlobalSection(ExtensibilityGlobals) = postSolution
		SolutionGuid = {CE22503D-B78D-4764-AC6C-3EDD90223064}
	EndGlobalSection
EndGlobal
